
Microsoft Visual Studio Solution File, Format Version 12.00
# Visual Studio Version 17
VisualStudioVersion = 17.0.31903.59
MinimumVisualStudioVersion = 10.0.40219.1
Project("{9A19103F-16F7-4668-BE54-9A1E7A4F7556}") = "DungEngine", "DungEngine\DungEngine.csproj", "{74725DA9-ADE1-4676-86A2-D2FA46510D71}"
EndProject
Project("{9A19103F-16F7-4668-BE54-9A1E7A4F7556}") = "LevelDesigner", "LevelDesigner\LevelDesigner.csproj", "{F073D54C-596F-425C-8394-9CAA65B829B2}"
EndProject
Global
	GlobalSection(SolutionConfigurationPlatforms) = preSolution
		Debug|Any CPU = Debug|Any CPU
		Release|Any CPU = Release|Any CPU
	EndGlobalSection
	GlobalSection(ProjectConfigurationPlatforms) = postSolution
		{74725DA9-ADE1-4676-86A2-D2FA46510D71}.Debug|Any CPU.ActiveCfg = Debug|Any CPU
		{74725DA9-ADE1-4676-86A2-D2FA46510D71}.Debug|Any CPU.Build.0 = Debug|Any CPU
		{74725DA9-ADE1-4676-86A2-D2FA46510D71}.Release|Any CPU.ActiveCfg = Release|Any CPU
		{74725DA9-ADE1-4676-86A2-D2FA46510D71}.Release|Any CPU.Build.0 = Release|Any CPU
		{F073D54C-596F-425C-8394-9CAA65B829B2}.Debug|Any CPU.ActiveCfg = Debug|Any CPU
		{F073D54C-596F-425C-8394-9CAA65B829B2}.Debug|Any CPU.Build.0 = Debug|Any CPU
		{F073D54C-596F-425C-8394-9CAA65B829B2}.Release|Any CPU.ActiveCfg = Release|Any CPU
		{F073D54C-596F-425C-8394-9CAA65B829B2}.Release|Any CPU.Build.0 = Release|Any CPU
	EndGlobalSection
	GlobalSection(SolutionProperties) = preSolution
		HideSolutionNode = FALSE
	EndGlobalSection
	GlobalSection(ExtensibilityGlobals) = postSolution
		SolutionGuid = {9069A7A9-318D-4481-B4D0-FE81A48FBF18}
	EndGlobalSection
EndGlobal
